<?xml version="1.0" encoding="utf-8"?>
<Project ToolsVersion="4.0" xmlns="http://schemas.microsoft.com/developer/msbuild/2003">
  <ItemGroup>
    <Filter Include="sim">
      <UniqueIdentifier>{6ba46c08-c6fc-4957-8207-e0ec38f3a1ea}</UniqueIdentifier>
    </Filter>
  </ItemGroup>
  <ItemGroup>
    <CudaCompile Include="..\..\src\sim\simbody.cu">
      <Filter>sim</Filter>
    </CudaCompile>
    <CudaCompile Include="..\..\src\sim\simulation.cu">
      <Filter>sim</Filter>
    </CudaCompile>
    <CudaCompile Include="..\..\src\sim\simtester.cu">
      <Filter>sim</Filter>
    </CudaCompile>
  </ItemGroup>
  <ItemGroup>
    <ClInclude Include="..\..\src\sim\simulation.h">
      <Filter>sim</Filter>
    </ClInclude>
    <ClInclude Include="..\..\src\common.h" />
    <ClInclude Include="..\..\src\timer.h" />
    <ClInclude Include="..\..\src\sim\simtester.h">
      <Filter>sim</Filter>
    </ClInclude>
  </ItemGroup>
  <ItemGroup>
    <ClCompile Include="..\..\src\main.cpp" />
    <ClCompile Include="..\..\src\timer.cpp" />
  </ItemGroup>
</Project>