<?xml version="1.0" encoding="utf-8"?>
<Project ToolsVersion="4.0" xmlns="http://schemas.microsoft.com/developer/msbuild/2003">
  <ItemGroup>
    <Filter Include="win">
      <UniqueIdentifier>{415b5643-1114-40e0-a1a3-1d74b1cc9c06}</UniqueIdentifier>
    </Filter>
    <Filter Include="sim">
      <UniqueIdentifier>{6b3dde4e-bc4d-42a1-8b75-1a8f1efce989}</UniqueIdentifier>
    </Filter>
  </ItemGroup>
  <ItemGroup>
    <ClCompile Include="..\..\src\main.cpp" />
    <ClCompile Include="..\..\src\win\body.cpp">
      <Filter>win</Filter>
    </ClCompile>
    <ClCompile Include="..\..\src\win\bodymanager.cpp">
      <Filter>win</Filter>
    </ClCompile>
    <ClCompile Include="..\..\src\win\game.cpp">
      <Filter>win</Filter>
    </ClCompile>
    <ClCompile Include="..\..\src\win\imagemanager.cpp">
      <Filter>win</Filter>
    </ClCompile>
    <ClCompile Include="..\..\src\timer.cpp" />
    <ClCompile Include="..\..\src\sim\simbody.cpp">
      <Filter>sim</Filter>
    </ClCompile>
    <ClCompile Include="..\..\src\sim\simulation.cpp">
      <Filter>sim</Filter>
    </ClCompile>
  </ItemGroup>
  <ItemGroup>
    <ClInclude Include="..\..\src\common.h" />
    <ClInclude Include="..\..\src\win\body.h">
      <Filter>win</Filter>
    </ClInclude>
    <ClInclude Include="..\..\src\win\bodymanager.h">
      <Filter>win</Filter>
    </ClInclude>
    <ClInclude Include="..\..\src\win\game.h">
      <Filter>win</Filter>
    </ClInclude>
    <ClInclude Include="..\..\src\win\imagemanager.h">
      <Filter>win</Filter>
    </ClInclude>
    <ClInclude Include="..\..\src\timer.h" />
    <ClInclude Include="..\..\src\sim\simbody.h">
      <Filter>sim</Filter>
    </ClInclude>
    <ClInclude Include="..\..\src\sim\simulation.h">
      <Filter>sim</Filter>
    </ClInclude>
  </ItemGroup>
</Project>